PODS:
  - Firebase/AnalyticsWithoutAdIdSupport (8.8.0):
    - Firebase/CoreOnly
    - FirebaseAnalytics/WithoutAdIdSupport (~> 8.8.0)
  - Firebase/CoreOnly (8.8.0):
    - FirebaseCore (= 8.8.0)
  - Firebase/Crashlytics (8.8.0):
    - Firebase/CoreOnly
    - FirebaseCrashlytics (~> 8.8.0)
  - firebase_analytics (8.3.4):
    - Firebase/AnalyticsWithoutAdIdSupport (= 8.8.0)
    - firebase_core
    - Flutter
  - firebase_core (1.8.0):
    - Firebase/CoreOnly (= 8.8.0)
    - Flutter
  - firebase_crashlytics (2.2.4):
    - Firebase/Crashlytics (= 8.8.0)
    - firebase_core
    - Flutter
  - FirebaseAnalytics/WithoutAdIdSupport (8.8.0):
    - FirebaseCore (~> 8.0)
    - FirebaseInstallations (~> 8.0)
    - GoogleAppMeasurement/WithoutAdIdSupport (= 8.8.0)
    - GoogleUtilities/AppDelegateSwizzler (~> 7.4)
    - GoogleUtilities/MethodSwizzler (~> 7.4)
    - GoogleUtilities/Network (~> 7.4)
    - "GoogleUtilities/NSData+zlib (~> 7.4)"
    - nanopb (~> 2.30908.0)
  - FirebaseCore (8.8.0):
    - FirebaseCoreDiagnostics (~> 8.0)
    - GoogleUtilities/Environment (~> 7.4)
    - GoogleUtilities/Logger (~> 7.4)
  - FirebaseCoreDiagnostics (8.9.0):
    - GoogleDataTransport (~> 9.1)
    - GoogleUtilities/Environment (~> 7.6)
    - GoogleUtilities/Logger (~> 7.6)
    - nanopb (~> 2.30908.0)
  - FirebaseCrashlytics (8.8.0):
    - FirebaseCore (~> 8.0)
    - FirebaseInstallations (~> 8.0)
    - GoogleDataTransport (~> 9.0)
    - GoogleUtilities/Environment (~> 7.4)
    - nanopb (~> 2.30908.0)
    - PromisesObjC (< 3.0, >= 1.2)
  - FirebaseInstallations (8.9.0):
    - FirebaseCore (~> 8.0)
    - GoogleUtilities/Environment (~> 7.6)
    - GoogleUtilities/UserDefaults (~> 7.6)
    - PromisesObjC (< 3.0, >= 1.2)
  - Flutter (1.0.0)
  - flutter_inappwebview (0.0.1):
    - Flutter
    - flutter_inappwebview/Core (= 0.0.1)
    - OrderedSet (~> 5.0)
  - flutter_inappwebview/Core (0.0.1):
    - Flutter
    - OrderedSet (~> 5.0)
  - flutter_keyboard_visibility (0.0.1):
    - Flutter
  - GoogleAppMeasurement/WithoutAdIdSupport (8.8.0):
    - GoogleUtilities/AppDelegateSwizzler (~> 7.4)
    - GoogleUtilities/MethodSwizzler (~> 7.4)
    - GoogleUtilities/Network (~> 7.4)
    - "GoogleUtilities/NSData+zlib (~> 7.4)"
    - nanopb (~> 2.30908.0)
  - GoogleDataTransport (9.1.2):
    - GoogleUtilities/Environment (~> 7.2)
    - nanopb (~> 2.30908.0)
    - PromisesObjC (< 3.0, >= 1.2)
  - GoogleUtilities/AppDelegateSwizzler (7.6.0):
    - GoogleUtilities/Environment
    - GoogleUtilities/Logger
    - GoogleUtilities/Network
  - GoogleUtilities/Environment (7.6.0):
    - PromisesObjC (< 3.0, >= 1.2)
  - GoogleUtilities/Logger (7.6.0):
    - GoogleUtilities/Environment
  - GoogleUtilities/MethodSwizzler (7.6.0):
    - GoogleUtilities/Logger
  - GoogleUtilities/Network (7.6.0):
    - GoogleUtilities/Logger
    - "GoogleUtilities/NSData+zlib"
    - GoogleUtilities/Reachability
  - "GoogleUtilities/NSData+zlib (7.6.0)"
  - GoogleUtilities/Reachability (7.6.0):
    - GoogleUtilities/Logger
  - GoogleUtilities/UserDefaults (7.6.0):
    - GoogleUtilities/Logger
  - image_picker (0.0.1):
    - Flutter
  - nanopb (2.30908.0):
    - nanopb/decode (= 2.30908.0)
    - nanopb/encode (= 2.30908.0)
  - nanopb/decode (2.30908.0)
  - nanopb/encode (2.30908.0)
  - OrderedSet (5.0.0)
  - package_info_plus (0.4.5):
    - Flutter
  - path_provider (0.0.1):
    - Flutter
  - PromisesObjC (2.0.0)
  - url_launcher (0.0.1):
    - Flutter
  - video_player (0.0.1):
    - Flutter

DEPENDENCIES:
  - firebase_analytics (from `.symlinks/plugins/firebase_analytics/ios`)
  - firebase_core (from `.symlinks/plugins/firebase_core/ios`)
  - firebase_crashlytics (from `.symlinks/plugins/firebase_crashlytics/ios`)
  - Flutter (from `Flutter`)
  - flutter_inappwebview (from `.symlinks/plugins/flutter_inappwebview/ios`)
  - flutter_keyboard_visibility (from `.symlinks/plugins/flutter_keyboard_visibility/ios`)
  - image_picker (from `.symlinks/plugins/image_picker/ios`)
  - package_info_plus (from `.symlinks/plugins/package_info_plus/ios`)
  - path_provider (from `.symlinks/plugins/path_provider/ios`)
  - url_launcher (from `.symlinks/plugins/url_launcher/ios`)
  - video_player (from `.symlinks/plugins/video_player/ios`)

SPEC REPOS:
  trunk:
    - Firebase
    - FirebaseAnalytics
    - FirebaseCore
    - FirebaseCoreDiagnostics
    - FirebaseCrashlytics
    - FirebaseInstallations
    - GoogleAppMeasurement
    - GoogleDataTransport
    - GoogleUtilities
    - nanopb
    - OrderedSet
    - PromisesObjC

EXTERNAL SOURCES:
  firebase_analytics:
    :path: ".symlinks/plugins/firebase_analytics/ios"
  firebase_core:
    :path: ".symlinks/plugins/firebase_core/ios"
  firebase_crashlytics:
    :path: ".symlinks/plugins/firebase_crashlytics/ios"
  Flutter:
    :path: Flutter
  flutter_inappwebview:
    :path: ".symlinks/plugins/flutter_inappwebview/ios"
  flutter_keyboard_visibility:
    :path: ".symlinks/plugins/flutter_keyboard_visibility/ios"
  image_picker:
    :path: ".symlinks/plugins/image_picker/ios"
  package_info_plus:
    :path: ".symlinks/plugins/package_info_plus/ios"
  path_provider:
    :path: ".symlinks/plugins/path_provider/ios"
  url_launcher:
    :path: ".symlinks/plugins/url_launcher/ios"
  video_player:
    :path: ".symlinks/plugins/video_player/ios"

SPEC CHECKSUMS:
  Firebase: 629510f1a9ddb235f3a7c5c8ceb23ba887f0f814
  firebase_analytics: ebba4a4815cf045ff915c3609c58e2a3da900459
  firebase_core: 3b4c707f5a8eff38f52fd5580895bcd89357bf42
  firebase_crashlytics: 5e4c7b5695a7ffe144a55dacfddebbf8eb36028a
  FirebaseAnalytics: 5506ea8b867d8423485a84b4cd612d279f7b0b8a
  FirebaseCore: 98b29e3828f0a53651c363937a7f7d92a19f1ba2
  FirebaseCoreDiagnostics: 5daa63f1c1409d981a2d5007daa100b36eac6a34
  FirebaseCrashlytics: 3660c045c8e45cc4276110562a0ef44cf43c8157
  FirebaseInstallations: caa7c8e0d3e2345b8829d2fa9ca1b4dfbf2fcc85
  Flutter: 50d75fe2f02b26cc09d224853bb45737f8b3214a
  flutter_inappwebview: bfd58618f49dc62f2676de690fc6dcda1d6c3721
  flutter_keyboard_visibility: 0339d06371254c3eb25eeb90ba8d17dca8f9c069
  GoogleAppMeasurement: 5ba1164e3c844ba84272555e916d0a6d3d977e91
  GoogleDataTransport: 629c20a4d363167143f30ea78320d5a7eb8bd940
  GoogleUtilities: 684ee790a24f73ebb2d1d966e9711c203f2a4237
  image_picker: 9aa50e1d8cdacdbed739e925b7eea16d014367e6
  nanopb: a0ba3315591a9ae0a16a309ee504766e90db0c96
  OrderedSet: aaeb196f7fef5a9edf55d89760da9176ad40b93c
  package_info_plus: 6c92f08e1f853dc01228d6f553146438dafcd14e
  path_provider: d1e9807085df1f9cc9318206cd649dc0b76be3de
  PromisesObjC: 68159ce6952d93e17b2dfe273b8c40907db5ba58
  url_launcher: b6e016d912f04be9f5bf6e8e82dc599b7ba59649
  video_player: ecd305f42e9044793efd34846e1ce64c31ea6fcb

PODFILE CHECKSUM: 93c13a6b510094ca189e0993ce1f80877faea644

COCOAPODS: 1.11.2
